// !$*UTF8*$!
{
	archiveVersion = 1;
	classes = {
	};
	objectVersion = 46;
	objects = {

/* Begin PBXBuildFile section */
		E20F904A1F74B43700FB102B /* AppDelegate.swift in Sources */ = {isa = PBXBuildFile; fileRef = E20F90491F74B43700FB102B /* AppDelegate.swift */; };
		E20F904C1F74B43700FB102B /* ViewController.swift in Sources */ = {isa = PBXBuildFile; fileRef = E20F904B1F74B43700FB102B /* ViewController.swift */; };
		E20F904F1F74B43700FB102B /* Main.storyboard in Resources */ = {isa = PBXBuildFile; fileRef = E20F904D1F74B43700FB102B /* Main.storyboard */; };
		E20F90521F74B43700FB102B /* CheckList.xcdatamodeld in Sources */ = {isa = PBXBuildFile; fileRef = E20F90501F74B43700FB102B /* CheckList.xcdatamodeld */; };
		E20F90541F74B43700FB102B /* Assets.xcassets in Resources */ = {isa = PBXBuildFile; fileRef = E20F90531F74B43700FB102B /* Assets.xcassets */; };
		E20F90571F74B43700FB102B /* LaunchScreen.storyboard in Resources */ = {isa = PBXBuildFile; fileRef = E20F90551F74B43700FB102B /* LaunchScreen.storyboard */; };
/* End PBXBuildFile section */

/* Begin PBXFileReference section */
		E20F90461F74B43700FB102B /* CheckList.app */ = {isa = PBXFileReference; explicitFileType = wrapper.application; includeInIndex = 0; path = CheckList.app; sourceTree = BUILT_PRODUCTS_DIR; };
		E20F90491F74B43700FB102B /* AppDelegate.swift */ = {isa = PBXFileReference; lastKnownFileType = sourcecode.swift; path = AppDelegate.swift; sourceTree = "<group>"; };
		E20F904B1F74B43700FB102B /* ViewController.swift */ = {isa = PBXFileReference; lastKnownFileType = sourcecode.swift; path = ViewController.swift; sourceTree = "<group>"; };
		E20F904E1F74B43700FB102B /* Base */ = {isa = PBXFileReference; lastKnownFileType = file.storyboard; name = Base; path = Base.lproj/Main.storyboard; sourceTree = "<group>"; };
		E20F90511F74B43700FB102B /* CheckList.xcdatamodel */ = {isa = PBXFileReference; lastKnownFileType = wrapper.xcdatamodel; path = CheckList.xcdatamodel; sourceTree = "<group>"; };
		E20F90531F74B43700FB102B /* Assets.xcassets */ = {isa = PBXFileReference; lastKnownFileType = folder.assetcatalog; path = Assets.xcassets; sourceTree = "<group>"; };
		E20F90561F74B43700FB102B /* Base */ = {isa = PBXFileReference; lastKnownFileType = file.storyboard; name = Base; path = Base.lproj/LaunchScreen.storyboard; sourceTree = "<group>"; };
		E20F90581F74B43700FB102B /* Info.plist */ = {isa = PBXFileReference; lastKnownFileType = text.plist.xml; path = Info.plist; sourceTree = "<group>"; };
/* End PBXFileReference section */

/* Begin PBXFrameworksBuildPhase section */
		E20F90431F74B43700FB102B /* Frameworks */ = {
			isa = PBXFrameworksBuildPhase;
			buildActionMask = 2147483647;
			files = (
			);
			runOnlyForDeploymentPostprocessing = 0;
		};
/* End PBXFrameworksBuildPhase section */

/* Begin PBXGroup section */
		E20F903D1F74B43700FB102B = {
			isa = PBXGroup;
			children = (
				E20F90481F74B43700FB102B /* CheckList */,
				E20F90471F74B43700FB102B /* Products */,
			);
			sourceTree = "<group>";
		};
		E20F90471F74B43700FB102B /* Products */ = {
			isa = PBXGroup;
			children = (
				E20F90461F74B43700FB102B /* CheckList.app */,
			);
			name = Products;
			sourceTree = "<group>";
		};
		E20F90481F74B43700FB102B /* CheckList */ = {
			isa = PBXGroup;
			children = (
				E20F90491F74B43700FB102B /* AppDelegate.swift */,
				E20F904B1F74B43700FB102B /* ViewController.swift */,
				E20F904D1F74B43700FB102B /* Main.storyboard */,
				E20F90531F74B43700FB102B /* Assets.xcassets */,
				E20F90551F74B43700FB102B /* LaunchScreen.storyboard */,
				E20F90581F74B43700FB102B /* Info.plist */,
				E20F90501F74B43700FB102B /* CheckList.xcdatamodeld */,
			);
			path = CheckList;
			sourceTree = "<group>";
		};
/* End PBXGroup section */

/* Begin PBXNativeTarget section */
		E20F90451F74B43700FB102B /* CheckList */ = {
			isa = PBXNativeTarget;
			buildConfigurationList = E20F905B1F74B43700FB102B /* Build configuration list for PBXNativeTarget "CheckList" */;
			buildPhases = (
				E20F90421F74B43700FB102B /* Sources */,
				E20F90431F74B43700FB102B /* Frameworks */,
				E20F90441F74B43700FB102B /* Resources */,
			);
			buildRules = (
			);
			dependencies = (
			);
			name = CheckList;
			productName = CheckList;
			productReference = E20F90461F74B43700FB102B /* CheckList.app */;
			productType = "com.apple.product-type.application";
		};
/* End PBXNativeTarget section */

/* Begin PBXProject section */
		E20F903E1F74B43700FB102B /* Project object */ = {
			isa = PBXProject;
			attributes = {
				LastSwiftUpdateCheck = 0820;
				LastUpgradeCheck = 0820;
				ORGANIZATIONNAME = "Sloth Persona";
				TargetAttributes = {
					E20F90451F74B43700FB102B = {
						CreatedOnToolsVersion = 8.2.1;
						ProvisioningStyle = Automatic;
					};
				};
			};
			buildConfigurationList = E20F90411F74B43700FB102B /* Build configuration list for PBXProject "CheckList" */;
			compatibilityVersion = "Xcode 3.2";
			developmentRegion = English;
			hasScannedForEncodings = 0;
			knownRegions = (
				en,
				Base,
			);
			mainGroup = E20F903D1F74B43700FB102B;
			productRefGroup = E20F90471F74B43700FB102B /* Products */;
			projectDirPath = "";
			projectRoot = "";
			targets = (
				E20F90451F74B43700FB102B /* CheckList */,
			);
		};
/* End PBXProject section */

/* Begin PBXResourcesBuildPhase section */
		E20F90441F74B43700FB102B /* Resources */ = {
			isa = PBXResourcesBuildPhase;
			buildActionMask = 2147483647;
			files = (
				E20F90571F74B43700FB102B /* LaunchScreen.storyboard in Resources */,
				E20F90541F74B43700FB102B /* Assets.xcassets in Resources */,
				E20F904F1F74B43700FB102B /* Main.storyboard in Resources */,
			);
			runOnlyForDeploymentPostprocessing = 0;
		};
/* End PBXResourcesBuildPhase section */

/* Begin PBXSourcesBuildPhase section */
		E20F90421F74B43700FB102B /* Sources */ = {
			isa = PBXSourcesBuildPhase;
			buildActionMask = 2147483647;
			files = (
				E20F904C1F74B43700FB102B /* ViewController.swift in Sources */,
				E20F90521F74B43700FB102B /* CheckList.xcdatamodeld in Sources */,
				E20F904A1F74B43700FB102B /* AppDelegate.swift in Sources */,
			);
			runOnlyForDeploymentPostprocessing = 0;
		};
/* End PBXSourcesBuildPhase section */

/* Begin PBXVariantGroup section */
		E20F904D1F74B43700FB102B /* Main.storyboard */ = {
			isa = PBXVariantGroup;
			children = (
				E20F904E1F74B43700FB102B /* Base */,
			);
			name = Main.storyboard;
			sourceTree = "<group>";
		};
		E20F90551F74B43700FB102B /* LaunchScreen.storyboard */ = {
			isa = PBXVariantGroup;
			children = (
				E20F90561F74B43700FB102B /* Base */,
			);
			name = LaunchScreen.storyboard;
			sourceTree = "<group>";
		};
/* End PBXVariantGroup section */

/* Begin XCBuildConfiguration section */
		E20F90591F74B43700FB102B /* Debug */ = {
			isa = XCBuildConfiguration;
			buildSettings = {
				ALWAYS_SEARCH_USER_PATHS = NO;
				CLANG_ANALYZER_NONNULL = YES;
				CLANG_CXX_LANGUAGE_STANDARD = "gnu++0x";
				CLANG_CXX_LIBRARY = "libc++";
				CLANG_ENABLE_MODULES = YES;
				CLANG_ENABLE_OBJC_ARC = YES;
				CLANG_WARN_BOOL_CONVERSION = YES;
				CLANG_WARN_CONSTANT_CONVERSION = YES;
				CLANG_WARN_DIRECT_OBJC_ISA_USAGE = YES_ERROR;
				CLANG_WARN_DOCUMENTATION_COMMENTS = YES;
				CLANG_WARN_EMPTY_BODY = YES;
				CLANG_WARN_ENUM_CONVERSION = YES;
				CLANG_WARN_INFINITE_RECURSION = YES;
				CLANG_WARN_INT_CONVERSION = YES;
				CLANG_WARN_OBJC_ROOT_CLASS = YES_ERROR;
				CLANG_WARN_SUSPICIOUS_MOVE = YES;
				CLANG_WARN_UNREACHABLE_CODE = YES;
				CLANG_WARN__DUPLICATE_METHOD_MATCH = YES;
				"CODE_SIGN_IDENTITY[sdk=iphoneos*]" = "iPhone Developer";
				COPY_PHASE_STRIP = NO;
				DEBUG_INFORMATION_FORMAT = dwarf;
				ENABLE_STRICT_OBJC_MSGSEND = YES;
				ENABLE_TESTABILITY = YES;
				GCC_C_LANGUAGE_STANDARD = gnu99;
				GCC_DYNAMIC_NO_PIC = NO;
				GCC_NO_COMMON_BLOCKS = YES;
				GCC_OPTIMIZATION_LEVEL = 0;
				GCC_PREPROCESSOR_DEFINITIONS = (
					"DEBUG=1",
					"$(inherited)",
				);
				GCC_WARN_64_TO_32_BIT_CONVERSION = YES;
				GCC_WARN_ABOUT_RETURN_TYPE = YES_ERROR;
				GCC_WARN_UNDECLARED_SELECTOR = YES;
				GCC_WARN_UNINITIALIZED_AUTOS = YES_AGGRESSIVE;
				GCC_WARN_UNUSED_FUNCTION = YES;
				GCC_WARN_UNUSED_VARIABLE = YES;
				IPHONEOS_DEPLOYMENT_TARGET = 10.2;
				MTL_ENABLE_DEBUG_INFO = YES;
				ONLY_ACTIVE_ARCH = YES;
				SDKROOT = iphoneos;
				SWIFT_ACTIVE_COMPILATION_CONDITIONS = DEBUG;
				SWIFT_OPTIMIZATION_LEVEL = "-Onone";
				TARGETED_DEVICE_FAMILY = "1,2";
			};
			name = Debug;
		};
		E20F905A1F74B43700FB102B /* Release */ = {
			isa = XCBuildConfiguration;
			buildSettings = {
				ALWAYS_SEARCH_USER_PATHS = NO;
				CLANG_ANALYZER_NONNULL = YES;
				CLANG_CXX_LANGUAGE_STANDARD = "gnu++0x";
				CLANG_CXX_LIBRARY = "libc++";
				CLANG_ENABLE_MODULES = YES;
				CLANG_ENABLE_OBJC_ARC = YES;
				CLANG_WARN_BOOL_CONVERSION = YES;
				CLANG_WARN_CONSTANT_CONVERSION = YES;
				CLANG_WARN_DIRECT_OBJC_ISA_USAGE = YES_ERROR;
				CLANG_WARN_DOCUMENTATION_COMMENTS = YES;
				CLANG_WARN_EMPTY_BODY = YES;
				CLANG_WARN_ENUM_CONVERSION = YES;
				CLANG_WARN_INFINITE_RECURSION = YES;
				CLANG_WARN_INT_CONVERSION = YES;
				CLANG_WARN_OBJC_ROOT_CLASS = YES_ERROR;
				CLANG_WARN_SUSPICIOUS_MOVE = YES;
				CLANG_WARN_UNREACHABLE_CODE = YES;
				CLANG_WARN__DUPLICATE_METHOD_MATCH = YES;
				"CODE_SIGN_IDENTITY[sdk=iphoneos*]" = "iPhone Developer";
				COPY_PHASE_STRIP = NO;
				DEBUG_INFORMATION_FORMAT = "dwarf-with-dsym";
				ENABLE_NS_ASSERTIONS = NO;
				ENABLE_STRICT_OBJC_MSGSEND = YES;
				GCC_C_LANGUAGE_STANDARD = gnu99;
				GCC_NO_COMMON_BLOCKS = YES;
				GCC_WARN_64_TO_32_BIT_CONVERSION = YES;
				GCC_WARN_ABOUT_RETURN_TYPE = YES_ERROR;
				GCC_WARN_UNDECLARED_SELECTOR = YES;
				GCC_WARN_UNINITIALIZED_AUTOS = YES_AGGRESSIVE;
				GCC_WARN_UNUSED_FUNCTION = YES;
				GCC_WARN_UNUSED_VARIABLE = YES;
				IPHONEOS_DEPLOYMENT_TARGET = 10.2;
				MTL_ENABLE_DEBUG_INFO = NO;
				SDKROOT = iphoneos;
				SWIFT_OPTIMIZATION_LEVEL = "-Owholemodule";
				TARGETED_DEVICE_FAMILY = "1,2";
				VALIDATE_PRODUCT = YES;
			};
			name = Release;
		};
		E20F905C1F74B43700FB102B /* Debug */ = {
			isa = XCBuildConfiguration;
			buildSettings = {
				ASSETCATALOG_COMPILER_APPICON_NAME = AppIcon;
				INFOPLIST_FILE = CheckList/Info.plist;
				LD_RUNPATH_SEARCH_PATHS = "$(inherited) @executable_path/Frameworks";
				PRODUCT_BUNDLE_IDENTIFIER = DANSU.CheckList;
				PRODUCT_NAME = "$(TARGET_NAME)";
				SWIFT_VERSION = 3.0;
			};
			name = Debug;
		};
		E20F905D1F74B43700FB102B /* Release */ = {
			isa = XCBuildConfiguration;
			buildSettings = {
				ASSETCATALOG_COMPILER_APPICON_NAME = AppIcon;
				INFOPLIST_FILE = CheckList/Info.plist;
				LD_RUNPATH_SEARCH_PATHS = "$(inherited) @executable_path/Frameworks";
				PRODUCT_BUNDLE_IDENTIFIER = DANSU.CheckList;
				PRODUCT_NAME = "$(TARGET_NAME)";
				SWIFT_VERSION = 3.0;
			};
			name = Release;
		};
/* End XCBuildConfiguration section */

/* Begin XCConfigurationList section */
		E20F90411F74B43700FB102B /* Build configuration list for PBXProject "CheckList" */ = {
			isa = XCConfigurationList;
			buildConfigurations = (
				E20F90591F74B43700FB102B /* Debug */,
				E20F905A1F74B43700FB102B /* Release */,
			);
			defaultConfigurationIsVisible = 0;
			defaultConfigurationName = Release;
		};
		E20F905B1F74B43700FB102B /* Build configuration list for PBXNativeTarget "CheckList" */ = {
			isa = XCConfigurationList;
			buildConfigurations = (
				E20F905C1F74B43700FB102B /* Debug */,
				E20F905D1F74B43700FB102B /* Release */,
			);
			defaultConfigurationIsVisible = 0;
		};
/* End XCConfigurationList section */

/* Begin XCVersionGroup section */
		E20F90501F74B43700FB102B /* CheckList.xcdatamodeld */ = {
			isa = XCVersionGroup;
			children = (
				E20F90511F74B43700FB102B /* CheckList.xcdatamodel */,
			);
			currentVersion = E20F90511F74B43700FB102B /* CheckList.xcdatamodel */;
			path = CheckList.xcdatamodeld;
			sourceTree = "<group>";
			versionGroupType = wrapper.xcdatamodel;
		};
/* End XCVersionGroup section */
	};
	rootObject = E20F903E1F74B43700FB102B /* Project object */;
}
